
Microsoft Visual Studio Solution File, Format Version 12.00
# Visual Studio Version 16
VisualStudioVersion = 16.0.32510.428
MinimumVisualStudioVersion = 10.0.40219.1
Project("{FAE04EC0-301F-11D3-BF4B-00C04F79EFBC}") = "Mentor", "Mentor\Mentor.csproj", "{10BAB3E1-F0E2-44C1-86FD-FC168A2A5755}"
EndProject
Global
	GlobalSection(SolutionConfigurationPlatforms) = preSolution
		Debug|Any CPU = Debug|Any CPU
		Release|Any CPU = Release|Any CPU
	EndGlobalSection
	GlobalSection(ProjectConfigurationPlatforms) = postSolution
		{10BAB3E1-F0E2-44C1-86FD-FC168A2A5755}.Debug|Any CPU.ActiveCfg = Debug|Any CPU
		{10BAB3E1-F0E2-44C1-86FD-FC168A2A5755}.Debug|Any CPU.Build.0 = Debug|Any CPU
		{10BAB3E1-F0E2-44C1-86FD-FC168A2A5755}.Release|Any CPU.ActiveCfg = Release|Any CPU
		{10BAB3E1-F0E2-44C1-86FD-FC168A2A5755}.Release|Any CPU.Build.0 = Release|Any CPU
	EndGlobalSection
	GlobalSection(SolutionProperties) = preSolution
		HideSolutionNode = FALSE
	EndGlobalSection
	GlobalSection(ExtensibilityGlobals) = postSolution
		SolutionGuid = {34022EF0-BC56-41BF-9FA9-250C77B700BF}
	EndGlobalSection
EndGlobal
